github.com/FZambia/eagle v0.2.0 h1:1kQaZpJvbkvAXFRE/9K2ucBMuVqo+E29EMLYB74hIis=
github.com/FZambia/eagle v0.2.0/go.mod h1:LKMYBwGYhao5sJI0TppvQ4SvvldFj9gITxrl8NvGwG0=
github.com/beorn7/perks v1.0.1 h1:VlbKKnNfV8bJzeqoa4cOKqO6bYr3WgKZxO8Z16+hsOM=
github.com/beorn7/perks v1.0.1/go.mod h1:G2ZrVWU2WbWT9wwq4/hrbKbnv/1ERSJQ0ibhJ6rlkpw=
github.com/centrifugal/centrifuge v0.34.3 h1:7bHTfdxF61MIzNVEjiQdIAmIRXNKAgkehyoIiJZ/byI=
github.com/centrifugal/centrifuge v0.34.3/go.mod h1:FjbxiIMvoXcVKCIijfBF8kdH++K4Glc6ThWUlXGQPMI=
github.com/centrifugal/protocol v0.16.0 h1:bAQm4YvONSPqq6kR8UgBNyf5Yh63AHKnjSKj/g9anPk=
github.com/centrifugal/protocol v0.16.0/go.mod h1:7V5vI30VcoxJe4UD87xi7bOsvI0bmEhvbQuMjrFM2L4=
github.com/cespare/xxhash/v2 v2.3.0 h1:UL815xU9SqsFlibzuggzjXhog7bL6oX9BbNZnL2UFvs=
github.com/cespare/xxhash/v2 v2.3.0/go.mod h1:VGX0DQ3Q6kWi7AoAeZDth3/j3BFtOZR5XLFGgcrjCOs=
github.com/confluentinc/confluent-kafka-go/v2 v2.8.0 h1:0HlcSNWg4LpLA9nIjzUMIqWHI+w0S68UN7alXAc3TeA=
github.com/confluentinc/confluent-kafka-go/v2 v2.8.0/go.mod h1:hScqtFIGUI1wqHIgM3mjoqEou4VweGGGX7dMpcUKves=
github.com/davecgh/go-spew v1.1.0/go.mod h1:J7Y8YcW2NihsgmVo/mv3lAwl/skON4iLHjSsI+c5H38=
github.com/davecgh/go-spew v1.1.1 h1:vj9j/u1bqnvCEfJOwUhtlOARqs3+rkHYY13jYWTU97c=
github.com/davecgh/go-spew v1.1.1/go.mod h1:J7Y8YcW2NihsgmVo/mv3lAwl/skON4iLHjSsI+c5H38=
github.com/dgrijalva/jwt-go v3.2.0+incompatible h1:7qlOGliEKZXTDg6OTjfoBKDXWrumCAMpl/TFQ4/5kLM=
github.com/dgrijalva/jwt-go v3.2.0+incompatible/go.mod h1:E3ru+11k8xSBh+hMPgOLZmtrrCbhqsmaPHjLKYnJCaQ=
github.com/dolthub/maphash v0.1.0 h1:bsQ7JsF4FkkWyrP3oCnFJgrCUAFbFf3kOl4L/QxPDyQ=
github.com/dolthub/maphash v0.1.0/go.mod h1:gkg4Ch4CdCDu5h6PMriVLawB7koZ+5ijb9puGMV50a4=
github.com/dustin/go-humanize v1.0.0/go.mod h1:HtrtbFcZ19U5GC7JDqmcUSB87Iq5E25KnS6fMYU6eOk=
github.com/gammazero/deque v0.2.1 h1:qSdsbG6pgp6nL7A0+K/B7s12mcCY/5l5SIUpMOl+dC0=
github.com/gammazero/deque v0.2.1/go.mod h1:LFroj8x4cMYCukHJDbxFCkT+r9AndaJnFMuZDV34tuU=
github.com/go-logr/logr v1.4.2 h1:6pFjapn8bFcIbiKo3XT4j/BhANplGihG6tvd+8rYgrY=
github.com/go-logr/logr v1.4.2/go.mod h1:9T104GzyrTigFIr8wt5mBrctHMim0Nb2HLGrmQ40KvY=
github.com/go-logr/stdr v1.2.2 h1:hSWxHoqTgW2S2qGc0LTAI563KZ5YKYRhT3MFKZMbjag=
github.com/go-logr/stdr v1.2.2/go.mod h1:mMo/vtBO5dYbehREoey6XUKy/eSumjCCveDpRre4VKE=
github.com/golang/protobuf v1.5.4 h1:i7eJL8qZTpSEXOPTxNKhASYpMn+8e5Q6AdndVa1dWek=
github.com/golang/protobuf v1.5.4/go.mod h1:lnTiLA8Wa4RWRcIUkrtSVa5nRhsEGBg48fD6rSs7xps=
github.com/golang/snappy v0.0.1/go.mod h1:/XxbfmMg8lxefKM7IXC3fBNl/7bRcc72aCRzEWrmP2Q=
github.com/golang/snappy v1.0.0 h1:Oy607GVXHs7RtbggtPBnr2RmDArIsAefDwvrdWvRhGs=
github.com/golang/snappy v1.0.0/go.mod h1:/XxbfmMg8lxefKM7IXC3fBNl/7bRcc72aCRzEWrmP2Q=
github.com/google/go-cmp v0.6.0 h1:ofyhxvXcZhMsU5ulbFiLKl/XBFqE1GSq7atu8tAmTRI=
github.com/google/go-cmp v0.6.0/go.mod h1:17dUlkBOakJ0+DkrSSNjCkIjxS6bF9zb3elmeNGIjoY=
github.com/google/gofuzz v1.0.0/go.mod h1:dBl0BpW6vV/+mYPU4Po3pmUjxk6FQPldtuIdl/M65Eg=
github.com/google/uuid v1.6.0 h1:NIvaJDMOsjHA8n1jAhLSgzrAzy1Hgr+hNrb57e+94F0=
github.com/google/uuid v1.6.0/go.mod h1:TIyPZe4MgqvfeYDBFedMoGGpEw/LqOeaOT+nhxU+yHo=
github.com/gopherjs/gopherjs v0.0.0-20181017120253-0766667cb4d1/go.mod h1:wJfORRmW1u3UXTncJ5qlYoELFm8eSnnEO6hX4iZ3EWY=
github.com/gorilla/mux v1.8.1 h1:TuBL49tXwgrFYWhqrNgrUNEY92u81SPhu7sTdzQEiWY=
github.com/gorilla/mux v1.8.1/go.mod h1:AKf9I4AEqPTmMytcMc0KkNouC66V3BtZ4qD5fmWSiMQ=
github.com/josharian/intern v1.0.0 h1:vlS4z54oSdjm0bgjRigI+G1HpF+tI+9rE5LLzOg8HmY=
github.com/josharian/intern v1.0.0/go.mod h1:5DoeVV0s6jJacbCEi61lwdGj/aVlrQvzHFFd8Hwg//Y=
github.com/json-iterator/go v1.1.9/go.mod h1:KdQUCv79m/52Kvf8AW2vK1V8akMuk1QjK/uOdHXbAo4=
github.com/json-iterator/go v1.1.12 h1:PV8peI4a0ysnczrg+LtxykD8LfKY9ML6u2jnxaEnrnM=
github.com/json-iterator/go v1.1.12/go.mod h1:e30LSqwooZae/UwlEbR2852Gd8hjQvJoHmT4TnhNGBo=
github.com/jtolds/gls v4.20.0+incompatible/go.mod h1:QJZ7F/aHp+rZTRtaJ1ow/lLfFfVYBRgL+9YlvaHOwJU=
github.com/klauspost/compress v1.17.9 h1:6KIumPrER1LHsvBVuDa0r5xaG0Es51mhhB9BQB2qeMA=
github.com/klauspost/compress v1.17.9/go.mod h1:Di0epgTjJY877eYKx5yC51cX2A2Vl2ibi7bDH9ttBbw=
github.com/klauspost/cpuid v1.2.3 h1:CCtW0xUnWGVINKvE/WWOYKdsPV6mawAtvQuSl8guwQs=
github.com/klauspost/cpuid v1.2.3/go.mod h1:Pj4uuM528wm8OyEC2QMXAi2YiTZ96dNQPGgoMS4s3ek=
github.com/konsorten/go-windows-terminal-sequences v1.0.1/go.mod h1:T0+1ngSBFLxvqU3pZ+m/2kptfBszLMUkC4ZK/EgS/cQ=
github.com/lib/pq v1.10.9 h1:YXG7RB+JIjhP29X+OtkiDnYaXQwpS4JEWq7dtCCRUEw=
github.com/lib/pq v1.10.9/go.mod h1:AlVN5x4E4T544tWzH6hKfbfQvm3HdbOxrmggDNAPY9o=
github.com/linkedin/goavro v2.1.0+incompatible h1:DV2aUlj2xZiuxQyvag8Dy7zjY69ENjS66bWkSfdpddY=
github.com/linkedin/goavro v2.1.0+incompatible/go.mod h1:bBCwI2eGYpUI/4820s67MElg9tdeLbINjLjiM2xZFYM=
github.com/linkedin/goavro/v2 v2.13.1 h1:4qZ5M0QzQFDRqccsroJlgOJznqAS/TpdvXg55h429+I=
github.com/linkedin/goavro/v2 v2.13.1/go.mod h1:KXx+erlq+RPlGSPmLF7xGo6SAbh8sCQ53x064+ioxhk=
github.com/mailru/easyjson v0.7.7 h1:UGYAvKxe3sBsEDzO8ZeWOSlIQfWFlxbzLZe7hwFURr0=
github.com/mailru/easyjson v0.7.7/go.mod h1:xzfreul335JAWq5oZzymOObrkdz5UnU4kGfJJLY9Nlc=
github.com/maypok86/otter v1.2.4 h1:HhW1Pq6VdJkmWwcZZq19BlEQkHtI8xgsQzBVXJU0nfc=
github.com/maypok86/otter v1.2.4/go.mod h1:mKLfoI7v1HOmQMwFgX4QkRk23mX6ge3RDvjdHOWG4R4=
github.com/minio/md5-simd v1.1.0 h1:QPfiOqlZH+Cj9teu0t9b1nTBfPbyTl16Of5MeuShdK4=
github.com/minio/md5-simd v1.1.0/go.mod h1:XpBqgZULrMYD3R+M28PcmP0CkI7PEMzB3U77ZrKZ0Gw=
github.com/minio/minio-go/v6 v6.0.57 h1:ixPkbKkyD7IhnluRgQpGSpHdpvNVaW6OD5R9IAO/9Tw=
github.com/minio/minio-go/v6 v6.0.57/go.mod h1:5+R/nM9Pwrh0vqF+HbYYDQ84wdUFPyXHkrdT4AIkifM=
github.com/minio/sha256-simd v0.1.1 h1:5QHSlgo3nt5yKOJrC7W8w7X+NFl8cMPZm96iu8kKUJU=
github.com/minio/sha256-simd v0.1.1/go.mod h1:B5e1o+1/KgNmWrSQK08Y6Z1Vb5pwIktudl0J58iy0KM=
github.com/mitchellh/go-homedir v1.1.0 h1:lukF9ziXFxDFPkA1vsr5zpc1XuPDn/wFntq5mG+4E0Y=
github.com/mitchellh/go-homedir v1.1.0/go.mod h1:SfyaCUpYCn1Vlf4IUYiD9fPX4A5wJrkLzIz1N1q0pr0=
github.com/modern-go/concurrent v0.0.0-20180228061459-e0a39a4cb421/go.mod h1:6dJC0mAP4ikYIbvyc7fijjWJddQyLn8Ig3JB5CqoB9Q=
github.com/modern-go/concurrent v0.0.0-20180306012644-bacd9c7ef1dd h1:TRLaZ9cD/w8PVh93nsPXa1VrQ6jlwL5oN8l14QlcNfg=
github.com/modern-go/concurrent v0.0.0-20180306012644-bacd9c7ef1dd/go.mod h1:6dJC0mAP4ikYIbvyc7fijjWJddQyLn8Ig3JB5CqoB9Q=
github.com/modern-go/reflect2 v0.0.0-20180701023420-4b7aa43c6742/go.mod h1:bx2lNnkwVCuqBIxFjflWJWanXIb3RllmbCylyMrvgv0=
github.com/modern-go/reflect2 v1.0.2 h1:xBagoLtFs94CBntxluKeaWgTMpvLxC4ur3nMaC9Gz0M=
github.com/modern-go/reflect2 v1.0.2/go.mod h1:yWuevngMOJpCy52FWWMvUC8ws7m/LJsjYzDa0/r8luk=
github.com/munnerz/goautoneg v0.0.0-20191010083416-a7dc8b61c822 h1:C3w9PqII01/Oq1c1nUAm88MOHcQC9l5mIlSMApZMrHA=
github.com/munnerz/goautoneg v0.0.0-20191010083416-a7dc8b61c822/go.mod h1:+n7T8mK8HuQTcFwEeznm/DIxMOiR9yIdICNftLE1DvQ=
github.com/onsi/gomega v1.36.2 h1:koNYke6TVk6ZmnyHrCXba/T/MoLBXFjeC1PtvYgw0A8=
github.com/onsi/gomega v1.36.2/go.mod h1:DdwyADRjrc825LhMEkD76cHR5+pUnjhUN8GlHlRPHzY=
github.com/planetscale/vtprotobuf v0.6.1-0.20240319094008-0393e58bdf10 h1:GFCKgmp0tecUJ0sJuv4pzYCqS9+RGSn52M3FUwPs+uo=
github.com/planetscale/vtprotobuf v0.6.1-0.20240319094008-0393e58bdf10/go.mod h1:t/avpk3KcrXxUnYOhZhMXJlSEyie6gQbtLq5NM3loB8=
github.com/pmezard/go-difflib v1.0.0 h1:4DBwDE0NGyQoBHbLQYPwSUPoCMWR5BEzIk/f1lZbAQM=
github.com/pmezard/go-difflib v1.0.0/go.mod h1:iKH77koFhYxTK1pcRnkKkqfTogsbg7gZNVY4sRDYZ/4=
github.com/prometheus/client_golang v1.20.5 h1:cxppBPuYhUnsO6yo/aoRol4L7q7UFfdm+bR9r+8l63Y=
github.com/prometheus/client_golang v1.20.5/go.mod h1:PIEt8X02hGcP8JWbeHyeZ53Y/jReSnHgO035n//V5WE=
github.com/prometheus/client_model v0.6.1 h1:ZKSh/rekM+n3CeS952MLRAdFwIKqeY8b62p8ais2e9E=
github.com/prometheus/client_model v0.6.1/go.mod h1:OrxVMOVHjw3lKMa8+x6HeMGkHMQyHDk9E3jmP2AmGiY=
github.com/prometheus/common v0.55.0 h1:KEi6DK7lXW/m7Ig5i47x0vRzuBsHuvJdi5ee6Y3G1dc=
github.com/prometheus/common v0.55.0/go.mod h1:2SECS4xJG1kd8XF9IcM1gMX6510RAEL65zxzNImwdc8=
github.com/prometheus/procfs v0.15.1 h1:YagwOFzUgYfKKHX6Dr+sHT7km/hxC76UB0learggepc=
github.com/prometheus/procfs v0.15.1/go.mod h1:fB45yRUv8NstnjriLhBQLuOUt+WW4BsoGhij/e3PBqk=
github.com/redis/rueidis v1.0.54 h1:QGlQXic7ILkcogpbMTV2bjIyKsUsZk5mPMveoe9eMPs=
github.com/redis/rueidis v1.0.54/go.mod h1:HqQFoIupoJzcRnOlI6URmujTCXfNgbm6kYpczVrs4Pw=
github.com/riferrei/srclient v0.7.2 h1:Gc1juajxHs9L1LYy+W6Iy7RDVBZkgCdKl/dxb3/c2xE=
github.com/riferrei/srclient v0.7.2/go.mod h1:byIzLF4UNZzclmzQXXr++Oe1GEH/hNFahUOSTXc7uSc=
github.com/santhosh-tekuri/jsonschema/v5 v5.0.0/go.mod h1:FKdcjfQW6rpZSnxxUvEA5H/cDPdvJ/SZJQLWWXWGrZ0=
github.com/santhosh-tekuri/jsonschema/v5 v5.3.0 h1:uIkTLo0AGRc8l7h5l9r+GcYi9qfVPt6lD4/bhmzfiKo=
github.com/santhosh-tekuri/jsonschema/v5 v5.3.0/go.mod h1:FKdcjfQW6rpZSnxxUvEA5H/cDPdvJ/SZJQLWWXWGrZ0=
github.com/segmentio/asm v1.2.0 h1:9BQrFxC+YOHJlTlHGkTrFWf59nbL3XnCoFLTwDCI7ys=
github.com/segmentio/asm v1.2.0/go.mod h1:BqMnlJP91P8d+4ibuonYZw9mfnzI9HfxselHZr5aAcs=
github.com/segmentio/encoding v0.4.1 h1:KLGaLSW0jrmhB58Nn4+98spfvPvmo4Ci1P/WIQ9wn7w=
github.com/segmentio/encoding v0.4.1/go.mod h1:/d03Cd8PoaDeceuhUUUQWjU0KhWjrmYrWPgtJHYZSnI=
github.com/shadowspore/fossil-delta v0.0.0-20241213113458-1d797d70cbe3 h1:/4/IJi5iyTdh6mqOUaASW148HQpujYiHl0Wl78dSOSc=
github.com/shadowspore/fossil-delta v0.0.0-20241213113458-1d797d70cbe3/go.mod h1:aJIMhRsunltJR926EB2MUg8qHemFQDreSB33pyto2Ps=
github.com/sirupsen/logrus v1.5.0/go.mod h1:+F7Ogzej0PZc/94MaYx/nvG9jOFMD2osvC3s+Squfpo=
github.com/smartystreets/assertions v0.0.0-20180927180507-b2de0cb4f26d/go.mod h1:OnSkiWE9lh6wB0YB77sQom3nweQdgAjqCqsofrRNTgc=
github.com/smartystreets/goconvey v0.0.0-20190330032615-68dc04aab96a/go.mod h1:syvi0/a8iFYH4r/RixwvyeAJjdLS9QV7WQ/tjFTllLA=
github.com/stretchr/objx v0.1.0/go.mod h1:HFkY916IF+rwdDfMAkV7OtwuqBVzrE8GR6GFx+wExME=
github.com/stretchr/objx v0.4.0/go.mod h1:YvHI0jy2hoMjB+UWwv71VJQ9isScKT/TqJzVSSt89Yw=
github.com/stretchr/testify v1.2.2/go.mod h1:a8OnRcib4nhh0OaRAV+Yts87kKdq0PP7pXfy6kDkUVs=
github.com/stretchr/testify v1.3.0/go.mod h1:M5WIy9Dh21IEIfnGCwXGc5bZfKNJtfHm1UVUgZn+9EI=
github.com/stretchr/testify v1.7.1/go.mod h1:6Fq8oRcR53rry900zMqJjRRixrwX3KX962/h/Wwjteg=
github.com/stretchr/testify v1.7.5/go.mod h1:yNjHg4UonilssWZ8iaSj1OCr/vHnekPRkoO+kdMU+MU=
github.com/stretchr/testify v1.10.0 h1:Xv5erBjTwe/5IxqUQTdXv5kgmIvbHo3QQyRwhJsOfJA=
github.com/stretchr/testify v1.10.0/go.mod h1:r2ic/lqez/lEtzL7wO/rwa5dbSLXVDPFyf8C91i36aY=
github.com/valyala/bytebufferpool v1.0.0 h1:GqA5TC/0021Y/b9FG4Oi9Mr3q7XYx6KllzawFIhcdPw=
github.com/valyala/bytebufferpool v1.0.0/go.mod h1:6bBcMArwyJ5K/AmCkWv1jt77kVWyCJ6HpOuEn7z0Csc=
go.opentelemetry.io/otel v1.32.0 h1:WnBN+Xjcteh0zdk01SVqV55d/m62NJLJdIyb4y/WO5U=
go.opentelemetry.io/otel v1.32.0/go.mod h1:00DCVSB0RQcnzlwyTfqtxSm+DRr9hpYrHjNGiBHVQIg=
go.opentelemetry.io/otel/metric v1.32.0 h1:xV2umtmNcThh2/a/aCP+h64Xx5wsj8qqnkYZktzNa0M=
go.opentelemetry.io/otel/metric v1.32.0/go.mod h1:jH7CIbbK6SH2V2wE16W05BHCtIDzauciCRLoc/SyMv8=
go.opentelemetry.io/otel/sdk v1.32.0 h1:RNxepc9vK59A8XsgZQouW8ue8Gkb4jpWtJm9ge5lEG4=
go.opentelemetry.io/otel/sdk v1.32.0/go.mod h1:LqgegDBjKMmb2GC6/PrTnteJG39I8/vJCAP9LlJXEjU=
go.opentelemetry.io/otel/sdk/metric v1.32.0 h1:rZvFnvmvawYb0alrYkjraqJq0Z4ZUJAiyYCU9snn1CU=
go.opentelemetry.io/otel/sdk/metric v1.32.0/go.mod h1:PWeZlq0zt9YkYAp3gjKZ0eicRYvOh1Gd+X99x6GHpCQ=
go.opentelemetry.io/otel/trace v1.32.0 h1:WIC9mYrXf8TmY/EXuULKc8hR17vE+Hjv2cssQDe03fM=
go.opentelemetry.io/otel/trace v1.32.0/go.mod h1:+i4rkvCraA+tG6AzwloGaCtkx53Fa+L+V8e9a7YvhT8=
golang.org/x/crypto v0.0.0-20190308221718-c2843e01d9a2/go.mod h1:djNgcEr1/C05ACkg1iLfiJU5Ep61QUkGW8qpdssI0+w=
golang.org/x/crypto v0.0.0-20190513172903-22d7a77e9e5f/go.mod h1:yigFU9vqHzYiE8UmvKecakEJjdnWj3jj499lnFckfCI=
golang.org/x/crypto v0.32.0 h1:euUpcYgM8WcP71gNpTqQCn6rC2t6ULUPiOzfWaXVVfc=
golang.org/x/crypto v0.32.0/go.mod h1:ZnnJkOaASj8g0AjIduWNlq2NRxL0PlBrbKVyZ6V/Ugc=
golang.org/x/net v0.0.0-20190311183353-d8887717615a/go.mod h1:t9HGtf8HONx5eT2rtn7q6eTqICYqUVnKs3thJo3Qplg=
golang.org/x/net v0.0.0-20190404232315-eb5bcb51f2a3/go.mod h1:t9HGtf8HONx5eT2rtn7q6eTqICYqUVnKs3thJo3Qplg=
golang.org/x/net v0.0.0-20190522155817-f3200d17e092/go.mod h1:HSz+uSET+XFnRR8LxR5pz3Of3rY3CfYBVs4xY44aLks=
golang.org/x/net v0.34.0 h1:Mb7Mrk043xzHgnRM88suvJFwzVrRfHEHJEl5/71CKw0=
golang.org/x/net v0.34.0/go.mod h1:di0qlW3YNM5oh6GqDGQr92MyTozJPmybPK4Ev/Gm31k=
golang.org/x/sync v0.0.0-20220513210516-0976fa681c29/go.mod h1:RxMgew5VJxzue5/jJTE5uejpjVlOe/izrB70Jof72aM=
golang.org/x/sync v0.11.0 h1:GGz8+XQP4FvTTrjZPzNKTMFtSXH80RAzG+5ghFPgK9w=
golang.org/x/sync v0.11.0/go.mod h1:Czt+wKu1gCyEFDUtn0jG5QVvpJ6rzVqr5aXyt9drQfk=
golang.org/x/sys v0.0.0-20190215142949-d0b11bdaac8a/go.mod h1:STP8DvDyc/dI5b8T5hshtkjS+E42TnysNCUPdjciGhY=
golang.org/x/sys v0.0.0-20190412213103-97732733099d/go.mod h1:h1NjWce9XRLGQEsW7wpKNCjG9DtNlClVuFLEZdDNbEs=
golang.org/x/sys v0.0.0-20190422165155-953cdadca894/go.mod h1:h1NjWce9XRLGQEsW7wpKNCjG9DtNlClVuFLEZdDNbEs=
golang.org/x/sys v0.29.0 h1:TPYlXGxvx1MGTn2GiZDhnjPA9wZzZeGKHHmKhHYvgaU=
golang.org/x/sys v0.29.0/go.mod h1:/VUhepiaJMQUp4+oa/7Zr1D23ma6VTLIYjOOTFZPUcA=
golang.org/x/text v0.3.0/go.mod h1:NqM8EUOU14njkJ3fqMW+pc6Ldnwhi/IjpwHt7yyuwOQ=
golang.org/x/text v0.21.0 h1:zyQAAkrwaneQ066sspRyJaG9VNi/YJ1NfzcGB3hZ/qo=
golang.org/x/text v0.21.0/go.mod h1:4IBbMaMmOPCJ8SecivzSH54+73PCFmPWxNTLm+vZkEQ=
golang.org/x/tools v0.0.0-20190328211700-ab21143f2384/go.mod h1:LCzVGOaR6xXOjkQ3onu1FJEFr0SW1gC7cKk1uF8kGRs=
google.golang.org/genproto/googleapis/rpc v0.0.0-20241202173237-19429a94021a h1:hgh8P4EuoxpsuKMXX/To36nOFD7vixReXgn8lPGnt+o=
google.golang.org/genproto/googleapis/rpc v0.0.0-20241202173237-19429a94021a/go.mod h1:5uTbfoYQed2U9p3KIj2/Zzm02PYhndfdmML0qC3q3FU=
google.golang.org/grpc v1.70.0 h1:pWFv03aZoHzlRKHWicjsZytKAiYCtNS0dHbXnIdq7jQ=
google.golang.org/grpc v1.70.0/go.mod h1:ofIJqVKDXx/JiXrwr2IG4/zwdH9txy3IlF40RmcJSQw=
google.golang.org/protobuf v1.36.5 h1:tPhr+woSbjfYvY6/GPufUoYizxw1cF/yFoxJ2fmpwlM=
google.golang.org/protobuf v1.36.5/go.mod h1:9fA7Ob0pmnwhb644+1+CVWFRbNajQ6iRojtC/QF5bRE=
gopkg.in/check.v1 v0.0.0-20161208181325-20d25e280405/go.mod h1:Co6ibVJAznAaIkqp8huTwlJQCZ016jof/cbN4VW5Yz0=
gopkg.in/ini.v1 v1.42.0 h1:7N3gPTt50s8GuLortA00n8AqRTk75qOP98+mTPpgzRk=
gopkg.in/ini.v1 v1.42.0/go.mod h1:pNLf8WUiyNEtQjuu5G5vTm06TEv9tsIgeAvK8hOrP4k=
gopkg.in/yaml.v3 v3.0.0-20200313102051-9f266ea9e77c/go.mod h1:K4uyk7z7BCEPqu6E+C64Yfv1cQ7kz7rIZviUmN+EgEM=
gopkg.in/yaml.v3 v3.0.1 h1:fxVm/GzAzEWqLHuvctI91KS9hhNmmWOoWu0XTYJS7CA=
gopkg.in/yaml.v3 v3.0.1/go.mod h1:K4uyk7z7BCEPqu6E+C64Yfv1cQ7kz7rIZviUmN+EgEM=
